
Microsoft Visual Studio Solution File, Format Version 12.00
# Visual Studio Version 16
VisualStudioVersion = 16.0.29728.190
MinimumVisualStudioVersion = 10.0.40219.1
Project("{FAE04EC0-301F-11D3-BF4B-00C04F79EFBC}") = "01_Cafe", "GoldBadgeChallenge\01_Cafe.csproj", "{D5506408-BFF0-4A41-9DF5-AE3FF8065C6B}"
EndProject
Project("{2150E333-8FDC-42A3-9474-1A3956D46DE8}") = "01_Cafe", "01_Cafe", "{384C131F-A032-4E61-9EC5-96EE38ECCDB8}"
EndProject
Project("{2150E333-8FDC-42A3-9474-1A3956D46DE8}") = "02_Claims", "02_Claims", "{ACC958A2-E951-4358-90E3-42B46339FC25}"
EndProject
Project("{FAE04EC0-301F-11D3-BF4B-00C04F79EFBC}") = "02_ClaimsTest", "02_ClaimsTest\02_ClaimsTest.csproj", "{6926C4DD-39A1-4185-AA6A-9EAAF4CDBBC9}"
EndProject
Project("{FAE04EC0-301F-11D3-BF4B-00C04F79EFBC}") = "01_CafeTest", "01_CafeTest\01_CafeTest.csproj", "{CECE61EC-496E-4346-8BAC-180DFBA87B7B}"
EndProject
Project("{FAE04EC0-301F-11D3-BF4B-00C04F79EFBC}") = "02_Claims", "02_Claims\02_Claims.csproj", "{737EC78B-7E4B-4EE1-B849-5CE4A6F184CD}"
EndProject
Project("{2150E333-8FDC-42A3-9474-1A3956D46DE8}") = "03_Badges", "03_Badges", "{A3FB8CD2-B3F7-4DFA-B3CB-BB2FAC3AA3CD}"
EndProject
Project("{FAE04EC0-301F-11D3-BF4B-00C04F79EFBC}") = "03_Badges", "03_Badges\03_Badges.csproj", "{16D43EC4-C3F4-4B71-90BA-109143C9D013}"
EndProject
Project("{FAE04EC0-301F-11D3-BF4B-00C04F79EFBC}") = "03_BadgesTest", "03_BadgesTest\03_BadgesTest.csproj", "{8AF03828-864A-44B1-B816-5F209257D658}"
EndProject
Global
	GlobalSection(SolutionConfigurationPlatforms) = preSolution
		Debug|Any CPU = Debug|Any CPU
		Release|Any CPU = Release|Any CPU
	EndGlobalSection
	GlobalSection(ProjectConfigurationPlatforms) = postSolution
		{D5506408-BFF0-4A41-9DF5-AE3FF8065C6B}.Debug|Any CPU.ActiveCfg = Debug|Any CPU
		{D5506408-BFF0-4A41-9DF5-AE3FF8065C6B}.Debug|Any CPU.Build.0 = Debug|Any CPU
		{D5506408-BFF0-4A41-9DF5-AE3FF8065C6B}.Release|Any CPU.ActiveCfg = Release|Any CPU
		{D5506408-BFF0-4A41-9DF5-AE3FF8065C6B}.Release|Any CPU.Build.0 = Release|Any CPU
		{6926C4DD-39A1-4185-AA6A-9EAAF4CDBBC9}.Debug|Any CPU.ActiveCfg = Debug|Any CPU
		{6926C4DD-39A1-4185-AA6A-9EAAF4CDBBC9}.Debug|Any CPU.Build.0 = Debug|Any CPU
		{6926C4DD-39A1-4185-AA6A-9EAAF4CDBBC9}.Release|Any CPU.ActiveCfg = Release|Any CPU
		{6926C4DD-39A1-4185-AA6A-9EAAF4CDBBC9}.Release|Any CPU.Build.0 = Release|Any CPU
		{CECE61EC-496E-4346-8BAC-180DFBA87B7B}.Debug|Any CPU.ActiveCfg = Debug|Any CPU
		{CECE61EC-496E-4346-8BAC-180DFBA87B7B}.Debug|Any CPU.Build.0 = Debug|Any CPU
		{CECE61EC-496E-4346-8BAC-180DFBA87B7B}.Release|Any CPU.ActiveCfg = Release|Any CPU
		{CECE61EC-496E-4346-8BAC-180DFBA87B7B}.Release|Any CPU.Build.0 = Release|Any CPU
		{737EC78B-7E4B-4EE1-B849-5CE4A6F184CD}.Debug|Any CPU.ActiveCfg = Debug|Any CPU
		{737EC78B-7E4B-4EE1-B849-5CE4A6F184CD}.Debug|Any CPU.Build.0 = Debug|Any CPU
		{737EC78B-7E4B-4EE1-B849-5CE4A6F184CD}.Release|Any CPU.ActiveCfg = Release|Any CPU
		{737EC78B-7E4B-4EE1-B849-5CE4A6F184CD}.Release|Any CPU.Build.0 = Release|Any CPU
		{16D43EC4-C3F4-4B71-90BA-109143C9D013}.Debug|Any CPU.ActiveCfg = Debug|Any CPU
		{16D43EC4-C3F4-4B71-90BA-109143C9D013}.Debug|Any CPU.Build.0 = Debug|Any CPU
		{16D43EC4-C3F4-4B71-90BA-109143C9D013}.Release|Any CPU.ActiveCfg = Release|Any CPU
		{16D43EC4-C3F4-4B71-90BA-109143C9D013}.Release|Any CPU.Build.0 = Release|Any CPU
		{8AF03828-864A-44B1-B816-5F209257D658}.Debug|Any CPU.ActiveCfg = Debug|Any CPU
		{8AF03828-864A-44B1-B816-5F209257D658}.Debug|Any CPU.Build.0 = Debug|Any CPU
		{8AF03828-864A-44B1-B816-5F209257D658}.Release|Any CPU.ActiveCfg = Release|Any CPU
		{8AF03828-864A-44B1-B816-5F209257D658}.Release|Any CPU.Build.0 = Release|Any CPU
	EndGlobalSection
	GlobalSection(SolutionProperties) = preSolution
		HideSolutionNode = FALSE
	EndGlobalSection
	GlobalSection(NestedProjects) = preSolution
		{D5506408-BFF0-4A41-9DF5-AE3FF8065C6B} = {384C131F-A032-4E61-9EC5-96EE38ECCDB8}
		{6926C4DD-39A1-4185-AA6A-9EAAF4CDBBC9} = {ACC958A2-E951-4358-90E3-42B46339FC25}
		{CECE61EC-496E-4346-8BAC-180DFBA87B7B} = {384C131F-A032-4E61-9EC5-96EE38ECCDB8}
		{737EC78B-7E4B-4EE1-B849-5CE4A6F184CD} = {ACC958A2-E951-4358-90E3-42B46339FC25}
		{16D43EC4-C3F4-4B71-90BA-109143C9D013} = {A3FB8CD2-B3F7-4DFA-B3CB-BB2FAC3AA3CD}
		{8AF03828-864A-44B1-B816-5F209257D658} = {A3FB8CD2-B3F7-4DFA-B3CB-BB2FAC3AA3CD}
	EndGlobalSection
	GlobalSection(ExtensibilityGlobals) = postSolution
		SolutionGuid = {039D287B-3C01-4A46-97F1-0DE63CB2BBC8}
	EndGlobalSection
EndGlobal
